
Microsoft Visual Studio Solution File, Format Version 12.00
# Visual Studio 14
VisualStudioVersion = 14.0.25420.1
MinimumVisualStudioVersion = 10.0.40219.1
Project("{FAE04EC0-301F-11D3-BF4B-00C04F79EFBC}") = "DiffusionVideo", "DiffusionVideo\DiffusionVideo.csproj", "{17B18DAE-0D10-47FA-8475-32CC09A368C2}"
EndProject
Project("{FAE04EC0-301F-11D3-BF4B-00C04F79EFBC}") = "PerfAnalyzer", "PerfAnalyzer\PerfAnalyzer.csproj", "{4C047EF6-411C-427B-A356-49F6FA4BCF41}"
EndProject
Project("{FAE04EC0-301F-11D3-BF4B-00C04F79EFBC}") = "DllBdd", "DllBdd\DllBdd.csproj", "{3A686086-992E-46FA-9A01-CCB966AF9A69}"
EndProject
Global
	GlobalSection(SolutionConfigurationPlatforms) = preSolution
		Debug|Any CPU = Debug|Any CPU
		Release|Any CPU = Release|Any CPU
	EndGlobalSection
	GlobalSection(ProjectConfigurationPlatforms) = postSolution
		{17B18DAE-0D10-47FA-8475-32CC09A368C2}.Debug|Any CPU.ActiveCfg = Debug|Any CPU
		{17B18DAE-0D10-47FA-8475-32CC09A368C2}.Debug|Any CPU.Build.0 = Debug|Any CPU
		{17B18DAE-0D10-47FA-8475-32CC09A368C2}.Release|Any CPU.ActiveCfg = Release|Any CPU
		{17B18DAE-0D10-47FA-8475-32CC09A368C2}.Release|Any CPU.Build.0 = Release|Any CPU
		{4C047EF6-411C-427B-A356-49F6FA4BCF41}.Debug|Any CPU.ActiveCfg = Debug|Any CPU
		{4C047EF6-411C-427B-A356-49F6FA4BCF41}.Debug|Any CPU.Build.0 = Debug|Any CPU
		{4C047EF6-411C-427B-A356-49F6FA4BCF41}.Release|Any CPU.ActiveCfg = Release|Any CPU
		{4C047EF6-411C-427B-A356-49F6FA4BCF41}.Release|Any CPU.Build.0 = Release|Any CPU
		{3A686086-992E-46FA-9A01-CCB966AF9A69}.Debug|Any CPU.ActiveCfg = Debug|Any CPU
		{3A686086-992E-46FA-9A01-CCB966AF9A69}.Debug|Any CPU.Build.0 = Debug|Any CPU
		{3A686086-992E-46FA-9A01-CCB966AF9A69}.Release|Any CPU.ActiveCfg = Release|Any CPU
		{3A686086-992E-46FA-9A01-CCB966AF9A69}.Release|Any CPU.Build.0 = Release|Any CPU
	EndGlobalSection
	GlobalSection(SolutionProperties) = preSolution
		HideSolutionNode = FALSE
	EndGlobalSection
	GlobalSection(TeamFoundationVersionControl) = preSolution
		SccNumberOfProjects = 4
		SccEnterpriseProvider = {4CA58AB2-18FA-4F8D-95D4-32DDF27D184C}
		SccTeamFoundationServer = https://projectredxcps.visualstudio.com/
		SccLocalPath0 = .
		SccProjectUniqueName1 = DiffusionVideo\\DiffusionVideo.csproj
		SccProjectName1 = DiffusionVideo
		SccLocalPath1 = DiffusionVideo
		SccProjectUniqueName2 = PerfAnalyzer\\PerfAnalyzer.csproj
		SccProjectName2 = PerfAnalyzer
		SccLocalPath2 = PerfAnalyzer
		SccProjectUniqueName3 = DllBdd\\DllBdd.csproj
		SccProjectName3 = DllBdd
		SccLocalPath3 = DllBdd
	EndGlobalSection
EndGlobal
